
Microsoft Visual Studio Solution File, Format Version 12.00
# Visual Studio Version 17
VisualStudioVersion = 17.0.31903.59
MinimumVisualStudioVersion = 10.0.40219.1
Project("{2150E333-8FDC-42A3-9474-1A3956D46DE8}") = "src", "src", "{827E0CD3-B72D-47B6-A68D-7590B98EB39B}"
EndProject
Project("{FAE04EC0-301F-11D3-BF4B-00C04F79EFBC}") = "Shared", "src\Shared\Shared.csproj", "{D67C2B45-145A-4882-A0E6-DD5F65BB94BC}"
EndProject
Project("{FAE04EC0-301F-11D3-BF4B-00C04F79EFBC}") = "Upload", "src\Upload\Upload.csproj", "{E844BB11-26B5-423D-B527-ECA227AA0B5F}"
EndProject
Project("{FAE04EC0-301F-11D3-BF4B-00C04F79EFBC}") = "Media", "src\Media\Media.csproj", "{9E0D7D92-32AA-41FC-8335-E0EA4DF0AC2B}"
EndProject
Project("{FAE04EC0-301F-11D3-BF4B-00C04F79EFBC}") = "AdminApi", "src\AdminApi\AdminApi.csproj", "{3517C719-E4DC-46FF-816D-2DF4E3942344}"
EndProject
Project("{FAE04EC0-301F-11D3-BF4B-00C04F79EFBC}") = "FrontApi", "src\FrontApi\FrontApi.csproj", "{121DC146-2CD8-4F5A-A31B-9F171980068C}"
EndProject
Project("{2150E333-8FDC-42A3-9474-1A3956D46DE8}") = "Tests", "Tests", "{F23147E6-2BCA-4B1D-93A2-0FF67A3BBE9D}"
EndProject
Project("{FAE04EC0-301F-11D3-BF4B-00C04F79EFBC}") = "Unit.Tests", "Tests\Unit\Unit.Tests.csproj", "{482E56F6-3245-4D82-AE35-C856E52EA5F3}"
EndProject
Project("{FAE04EC0-301F-11D3-BF4B-00C04F79EFBC}") = "Integration.Tests", "Tests\Integration\Integration.Tests.csproj", "{8B496FDB-D06F-4691-906E-1789FC8E7460}"
EndProject
Project("{FAE04EC0-301F-11D3-BF4B-00C04F79EFBC}") = "E2E.Tests", "Tests\E2E\E2E.Tests.csproj", "{002CF96B-B456-49F4-8B3B-A205BBFAFFC6}"
EndProject
Global
	GlobalSection(SolutionConfigurationPlatforms) = preSolution
		Debug|Any CPU = Debug|Any CPU
		Debug|x64 = Debug|x64
		Debug|x86 = Debug|x86
		Release|Any CPU = Release|Any CPU
		Release|x64 = Release|x64
		Release|x86 = Release|x86
	EndGlobalSection
	GlobalSection(ProjectConfigurationPlatforms) = postSolution
		{D67C2B45-145A-4882-A0E6-DD5F65BB94BC}.Debug|Any CPU.ActiveCfg = Debug|Any CPU
		{D67C2B45-145A-4882-A0E6-DD5F65BB94BC}.Debug|Any CPU.Build.0 = Debug|Any CPU
		{D67C2B45-145A-4882-A0E6-DD5F65BB94BC}.Debug|x64.ActiveCfg = Debug|Any CPU
		{D67C2B45-145A-4882-A0E6-DD5F65BB94BC}.Debug|x64.Build.0 = Debug|Any CPU
		{D67C2B45-145A-4882-A0E6-DD5F65BB94BC}.Debug|x86.ActiveCfg = Debug|Any CPU
		{D67C2B45-145A-4882-A0E6-DD5F65BB94BC}.Debug|x86.Build.0 = Debug|Any CPU
		{D67C2B45-145A-4882-A0E6-DD5F65BB94BC}.Release|Any CPU.ActiveCfg = Release|Any CPU
		{D67C2B45-145A-4882-A0E6-DD5F65BB94BC}.Release|Any CPU.Build.0 = Release|Any CPU
		{D67C2B45-145A-4882-A0E6-DD5F65BB94BC}.Release|x64.ActiveCfg = Release|Any CPU
		{D67C2B45-145A-4882-A0E6-DD5F65BB94BC}.Release|x64.Build.0 = Release|Any CPU
		{D67C2B45-145A-4882-A0E6-DD5F65BB94BC}.Release|x86.ActiveCfg = Release|Any CPU
		{D67C2B45-145A-4882-A0E6-DD5F65BB94BC}.Release|x86.Build.0 = Release|Any CPU
		{E844BB11-26B5-423D-B527-ECA227AA0B5F}.Debug|Any CPU.ActiveCfg = Debug|Any CPU
		{E844BB11-26B5-423D-B527-ECA227AA0B5F}.Debug|Any CPU.Build.0 = Debug|Any CPU
		{E844BB11-26B5-423D-B527-ECA227AA0B5F}.Debug|x64.ActiveCfg = Debug|Any CPU
		{E844BB11-26B5-423D-B527-ECA227AA0B5F}.Debug|x64.Build.0 = Debug|Any CPU
		{E844BB11-26B5-423D-B527-ECA227AA0B5F}.Debug|x86.ActiveCfg = Debug|Any CPU
		{E844BB11-26B5-423D-B527-ECA227AA0B5F}.Debug|x86.Build.0 = Debug|Any CPU
		{E844BB11-26B5-423D-B527-ECA227AA0B5F}.Release|Any CPU.ActiveCfg = Release|Any CPU
		{E844BB11-26B5-423D-B527-ECA227AA0B5F}.Release|Any CPU.Build.0 = Release|Any CPU
		{E844BB11-26B5-423D-B527-ECA227AA0B5F}.Release|x64.ActiveCfg = Release|Any CPU
		{E844BB11-26B5-423D-B527-ECA227AA0B5F}.Release|x64.Build.0 = Release|Any CPU
		{E844BB11-26B5-423D-B527-ECA227AA0B5F}.Release|x86.ActiveCfg = Release|Any CPU
		{E844BB11-26B5-423D-B527-ECA227AA0B5F}.Release|x86.Build.0 = Release|Any CPU
		{9E0D7D92-32AA-41FC-8335-E0EA4DF0AC2B}.Debug|Any CPU.ActiveCfg = Debug|Any CPU
		{9E0D7D92-32AA-41FC-8335-E0EA4DF0AC2B}.Debug|Any CPU.Build.0 = Debug|Any CPU
		{9E0D7D92-32AA-41FC-8335-E0EA4DF0AC2B}.Debug|x64.ActiveCfg = Debug|Any CPU
		{9E0D7D92-32AA-41FC-8335-E0EA4DF0AC2B}.Debug|x64.Build.0 = Debug|Any CPU
		{9E0D7D92-32AA-41FC-8335-E0EA4DF0AC2B}.Debug|x86.ActiveCfg = Debug|Any CPU
		{9E0D7D92-32AA-41FC-8335-E0EA4DF0AC2B}.Debug|x86.Build.0 = Debug|Any CPU
		{9E0D7D92-32AA-41FC-8335-E0EA4DF0AC2B}.Release|Any CPU.ActiveCfg = Release|Any CPU
		{9E0D7D92-32AA-41FC-8335-E0EA4DF0AC2B}.Release|Any CPU.Build.0 = Release|Any CPU
		{9E0D7D92-32AA-41FC-8335-E0EA4DF0AC2B}.Release|x64.ActiveCfg = Release|Any CPU
		{9E0D7D92-32AA-41FC-8335-E0EA4DF0AC2B}.Release|x64.Build.0 = Release|Any CPU
		{9E0D7D92-32AA-41FC-8335-E0EA4DF0AC2B}.Release|x86.ActiveCfg = Release|Any CPU
		{9E0D7D92-32AA-41FC-8335-E0EA4DF0AC2B}.Release|x86.Build.0 = Release|Any CPU
		{3517C719-E4DC-46FF-816D-2DF4E3942344}.Debug|Any CPU.ActiveCfg = Debug|Any CPU
		{3517C719-E4DC-46FF-816D-2DF4E3942344}.Debug|Any CPU.Build.0 = Debug|Any CPU
		{3517C719-E4DC-46FF-816D-2DF4E3942344}.Debug|x64.ActiveCfg = Debug|Any CPU
		{3517C719-E4DC-46FF-816D-2DF4E3942344}.Debug|x64.Build.0 = Debug|Any CPU
		{3517C719-E4DC-46FF-816D-2DF4E3942344}.Debug|x86.ActiveCfg = Debug|Any CPU
		{3517C719-E4DC-46FF-816D-2DF4E3942344}.Debug|x86.Build.0 = Debug|Any CPU
		{3517C719-E4DC-46FF-816D-2DF4E3942344}.Release|Any CPU.ActiveCfg = Release|Any CPU
		{3517C719-E4DC-46FF-816D-2DF4E3942344}.Release|Any CPU.Build.0 = Release|Any CPU
		{3517C719-E4DC-46FF-816D-2DF4E3942344}.Release|x64.ActiveCfg = Release|Any CPU
		{3517C719-E4DC-46FF-816D-2DF4E3942344}.Release|x64.Build.0 = Release|Any CPU
		{3517C719-E4DC-46FF-816D-2DF4E3942344}.Release|x86.ActiveCfg = Release|Any CPU
		{3517C719-E4DC-46FF-816D-2DF4E3942344}.Release|x86.Build.0 = Release|Any CPU
		{121DC146-2CD8-4F5A-A31B-9F171980068C}.Debug|Any CPU.ActiveCfg = Debug|Any CPU
		{121DC146-2CD8-4F5A-A31B-9F171980068C}.Debug|Any CPU.Build.0 = Debug|Any CPU
		{121DC146-2CD8-4F5A-A31B-9F171980068C}.Debug|x64.ActiveCfg = Debug|Any CPU
		{121DC146-2CD8-4F5A-A31B-9F171980068C}.Debug|x64.Build.0 = Debug|Any CPU
		{121DC146-2CD8-4F5A-A31B-9F171980068C}.Debug|x86.ActiveCfg = Debug|Any CPU
		{121DC146-2CD8-4F5A-A31B-9F171980068C}.Debug|x86.Build.0 = Debug|Any CPU
		{121DC146-2CD8-4F5A-A31B-9F171980068C}.Release|Any CPU.ActiveCfg = Release|Any CPU
		{121DC146-2CD8-4F5A-A31B-9F171980068C}.Release|Any CPU.Build.0 = Release|Any CPU
		{121DC146-2CD8-4F5A-A31B-9F171980068C}.Release|x64.ActiveCfg = Release|Any CPU
		{121DC146-2CD8-4F5A-A31B-9F171980068C}.Release|x64.Build.0 = Release|Any CPU
		{121DC146-2CD8-4F5A-A31B-9F171980068C}.Release|x86.ActiveCfg = Release|Any CPU
		{121DC146-2CD8-4F5A-A31B-9F171980068C}.Release|x86.Build.0 = Release|Any CPU
		{482E56F6-3245-4D82-AE35-C856E52EA5F3}.Debug|Any CPU.ActiveCfg = Debug|Any CPU
		{482E56F6-3245-4D82-AE35-C856E52EA5F3}.Debug|Any CPU.Build.0 = Debug|Any CPU
		{482E56F6-3245-4D82-AE35-C856E52EA5F3}.Debug|x64.ActiveCfg = Debug|Any CPU
		{482E56F6-3245-4D82-AE35-C856E52EA5F3}.Debug|x64.Build.0 = Debug|Any CPU
		{482E56F6-3245-4D82-AE35-C856E52EA5F3}.Debug|x86.ActiveCfg = Debug|Any CPU
		{482E56F6-3245-4D82-AE35-C856E52EA5F3}.Debug|x86.Build.0 = Debug|Any CPU
		{482E56F6-3245-4D82-AE35-C856E52EA5F3}.Release|Any CPU.ActiveCfg = Release|Any CPU
		{482E56F6-3245-4D82-AE35-C856E52EA5F3}.Release|Any CPU.Build.0 = Release|Any CPU
		{482E56F6-3245-4D82-AE35-C856E52EA5F3}.Release|x64.ActiveCfg = Release|Any CPU
		{482E56F6-3245-4D82-AE35-C856E52EA5F3}.Release|x64.Build.0 = Release|Any CPU
		{482E56F6-3245-4D82-AE35-C856E52EA5F3}.Release|x86.ActiveCfg = Release|Any CPU
		{482E56F6-3245-4D82-AE35-C856E52EA5F3}.Release|x86.Build.0 = Release|Any CPU
		{8B496FDB-D06F-4691-906E-1789FC8E7460}.Debug|Any CPU.ActiveCfg = Debug|Any CPU
		{8B496FDB-D06F-4691-906E-1789FC8E7460}.Debug|Any CPU.Build.0 = Debug|Any CPU
		{8B496FDB-D06F-4691-906E-1789FC8E7460}.Debug|x64.ActiveCfg = Debug|Any CPU
		{8B496FDB-D06F-4691-906E-1789FC8E7460}.Debug|x64.Build.0 = Debug|Any CPU
		{8B496FDB-D06F-4691-906E-1789FC8E7460}.Debug|x86.ActiveCfg = Debug|Any CPU
		{8B496FDB-D06F-4691-906E-1789FC8E7460}.Debug|x86.Build.0 = Debug|Any CPU
		{8B496FDB-D06F-4691-906E-1789FC8E7460}.Release|Any CPU.ActiveCfg = Release|Any CPU
		{8B496FDB-D06F-4691-906E-1789FC8E7460}.Release|Any CPU.Build.0 = Release|Any CPU
		{8B496FDB-D06F-4691-906E-1789FC8E7460}.Release|x64.ActiveCfg = Release|Any CPU
		{8B496FDB-D06F-4691-906E-1789FC8E7460}.Release|x64.Build.0 = Release|Any CPU
		{8B496FDB-D06F-4691-906E-1789FC8E7460}.Release|x86.ActiveCfg = Release|Any CPU
		{8B496FDB-D06F-4691-906E-1789FC8E7460}.Release|x86.Build.0 = Release|Any CPU
		{002CF96B-B456-49F4-8B3B-A205BBFAFFC6}.Debug|Any CPU.ActiveCfg = Debug|Any CPU
		{002CF96B-B456-49F4-8B3B-A205BBFAFFC6}.Debug|Any CPU.Build.0 = Debug|Any CPU
		{002CF96B-B456-49F4-8B3B-A205BBFAFFC6}.Debug|x64.ActiveCfg = Debug|Any CPU
		{002CF96B-B456-49F4-8B3B-A205BBFAFFC6}.Debug|x64.Build.0 = Debug|Any CPU
		{002CF96B-B456-49F4-8B3B-A205BBFAFFC6}.Debug|x86.ActiveCfg = Debug|Any CPU
		{002CF96B-B456-49F4-8B3B-A205BBFAFFC6}.Debug|x86.Build.0 = Debug|Any CPU
		{002CF96B-B456-49F4-8B3B-A205BBFAFFC6}.Release|Any CPU.ActiveCfg = Release|Any CPU
		{002CF96B-B456-49F4-8B3B-A205BBFAFFC6}.Release|Any CPU.Build.0 = Release|Any CPU
		{002CF96B-B456-49F4-8B3B-A205BBFAFFC6}.Release|x64.ActiveCfg = Release|Any CPU
		{002CF96B-B456-49F4-8B3B-A205BBFAFFC6}.Release|x64.Build.0 = Release|Any CPU
		{002CF96B-B456-49F4-8B3B-A205BBFAFFC6}.Release|x86.ActiveCfg = Release|Any CPU
		{002CF96B-B456-49F4-8B3B-A205BBFAFFC6}.Release|x86.Build.0 = Release|Any CPU
	EndGlobalSection
	GlobalSection(SolutionProperties) = preSolution
		HideSolutionNode = FALSE
	EndGlobalSection
	GlobalSection(NestedProjects) = preSolution
		{D67C2B45-145A-4882-A0E6-DD5F65BB94BC} = {827E0CD3-B72D-47B6-A68D-7590B98EB39B}
		{E844BB11-26B5-423D-B527-ECA227AA0B5F} = {827E0CD3-B72D-47B6-A68D-7590B98EB39B}
		{9E0D7D92-32AA-41FC-8335-E0EA4DF0AC2B} = {827E0CD3-B72D-47B6-A68D-7590B98EB39B}
		{3517C719-E4DC-46FF-816D-2DF4E3942344} = {827E0CD3-B72D-47B6-A68D-7590B98EB39B}
		{121DC146-2CD8-4F5A-A31B-9F171980068C} = {827E0CD3-B72D-47B6-A68D-7590B98EB39B}
		{482E56F6-3245-4D82-AE35-C856E52EA5F3} = {F23147E6-2BCA-4B1D-93A2-0FF67A3BBE9D}
		{8B496FDB-D06F-4691-906E-1789FC8E7460} = {F23147E6-2BCA-4B1D-93A2-0FF67A3BBE9D}
		{002CF96B-B456-49F4-8B3B-A205BBFAFFC6} = {F23147E6-2BCA-4B1D-93A2-0FF67A3BBE9D}
	EndGlobalSection
	GlobalSection(ExtensibilityGlobals) = postSolution
		SolutionGuid = {B54043F2-76AB-438E-9BBF-3345C6CD4143}
	EndGlobalSection
EndGlobal
